// !$*UTF8*$!
{
	archiveVersion = 1;
	classes = {
	};
	objectVersion = 55;
	objects = {

/* Begin PBXBuildFile section */
		3F6511A627FF59A40086F205 /* calcubotApp.swift in Sources */ = {isa = PBXBuildFile; fileRef = 3F6511A527FF59A40086F205 /* calcubotApp.swift */; };
		3F6511A827FF59A40086F205 /* Trial_1.swift in Sources */ = {isa = PBXBuildFile; fileRef = 3F6511A727FF59A40086F205 /* Trial_1.swift */; };
		3F6511AA27FF59AC0086F205 /* Assets.xcassets in Resources */ = {isa = PBXBuildFile; fileRef = 3F6511A927FF59AC0086F205 /* Assets.xcassets */; };
		3F6511AD27FF59AC0086F205 /* Preview Assets.xcassets in Resources */ = {isa = PBXBuildFile; fileRef = 3F6511AC27FF59AC0086F205 /* Preview Assets.xcassets */; };
		3F6511B727FF59AD0086F205 /* calcubotTests.swift in Sources */ = {isa = PBXBuildFile; fileRef = 3F6511B627FF59AD0086F205 /* calcubotTests.swift */; };
		3F6511C127FF59AD0086F205 /* calcubotUITests.swift in Sources */ = {isa = PBXBuildFile; fileRef = 3F6511C027FF59AD0086F205 /* calcubotUITests.swift */; };
		3F6511C327FF59AD0086F205 /* calcubotUITestsLaunchTests.swift in Sources */ = {isa = PBXBuildFile; fileRef = 3F6511C227FF59AD0086F205 /* calcubotUITestsLaunchTests.swift */; };
		3F6511D02805DAFA0086F205 /* GearRatioScreen.swift in Sources */ = {isa = PBXBuildFile; fileRef = 3F6511CF2805DAF90086F205 /* GearRatioScreen.swift */; };
		3F78F1672805EC9300B4AEBC /* ContentView.swift in Sources */ = {isa = PBXBuildFile; fileRef = 3F78F1662805EC9300B4AEBC /* ContentView.swift */; };
/* End PBXBuildFile section */

/* Begin PBXContainerItemProxy section */
		3F6511B327FF59AD0086F205 /* PBXContainerItemProxy */ = {
			isa = PBXContainerItemProxy;
			containerPortal = 3F65119A27FF59A40086F205 /* Project object */;
			proxyType = 1;
			remoteGlobalIDString = 3F6511A127FF59A40086F205;
			remoteInfo = calcubot;
		};
		3F6511BD27FF59AD0086F205 /* PBXContainerItemProxy */ = {
			isa = PBXContainerItemProxy;
			containerPortal = 3F65119A27FF59A40086F205 /* Project object */;
			proxyType = 1;
			remoteGlobalIDString = 3F6511A127FF59A40086F205;
			remoteInfo = calcubot;
		};
/* End PBXContainerItemProxy section */

/* Begin PBXFileReference section */
		3F6511A227FF59A40086F205 /* calcubot.app */ = {isa = PBXFileReference; explicitFileType = wrapper.application; includeInIndex = 0; path = calcubot.app; sourceTree = BUILT_PRODUCTS_DIR; };
		3F6511A527FF59A40086F205 /* calcubotApp.swift */ = {isa = PBXFileReference; lastKnownFileType = sourcecode.swift; path = calcubotApp.swift; sourceTree = "<group>"; };
		3F6511A727FF59A40086F205 /* Trial_1.swift */ = {isa = PBXFileReference; lastKnownFileType = sourcecode.swift; path = Trial_1.swift; sourceTree = "<group>"; };
		3F6511A927FF59AC0086F205 /* Assets.xcassets */ = {isa = PBXFileReference; lastKnownFileType = folder.assetcatalog; path = Assets.xcassets; sourceTree = "<group>"; };
		3F6511AC27FF59AC0086F205 /* Preview Assets.xcassets */ = {isa = PBXFileReference; lastKnownFileType = folder.assetcatalog; path = "Preview Assets.xcassets"; sourceTree = "<group>"; };
		3F6511B227FF59AD0086F205 /* calcubotTests.xctest */ = {isa = PBXFileReference; explicitFileType = wrapper.cfbundle; includeInIndex = 0; path = calcubotTests.xctest; sourceTree = BUILT_PRODUCTS_DIR; };
		3F6511B627FF59AD0086F205 /* calcubotTests.swift */ = {isa = PBXFileReference; lastKnownFileType = sourcecode.swift; path = calcubotTests.swift; sourceTree = "<group>"; };
		3F6511BC27FF59AD0086F205 /* calcubotUITests.xctest */ = {isa = PBXFileReference; explicitFileType = wrapper.cfbundle; includeInIndex = 0; path = calcubotUITests.xctest; sourceTree = BUILT_PRODUCTS_DIR; };
		3F6511C027FF59AD0086F205 /* calcubotUITests.swift */ = {isa = PBXFileReference; lastKnownFileType = sourcecode.swift; path = calcubotUITests.swift; sourceTree = "<group>"; };
		3F6511C227FF59AD0086F205 /* calcubotUITestsLaunchTests.swift */ = {isa = PBXFileReference; lastKnownFileType = sourcecode.swift; path = calcubotUITestsLaunchTests.swift; sourceTree = "<group>"; };
		3F6511CF2805DAF90086F205 /* GearRatioScreen.swift */ = {isa = PBXFileReference; lastKnownFileType = sourcecode.swift; path = GearRatioScreen.swift; sourceTree = "<group>"; };
		3F78F1662805EC9300B4AEBC /* ContentView.swift */ = {isa = PBXFileReference; lastKnownFileType = sourcecode.swift; path = ContentView.swift; sourceTree = "<group>"; };
/* End PBXFileReference section */

/* Begin PBXFrameworksBuildPhase section */
		3F65119F27FF59A40086F205 /* Frameworks */ = {
			isa = PBXFrameworksBuildPhase;
			buildActionMask = 2147483647;
			files = (
			);
			runOnlyForDeploymentPostprocessing = 0;
		};
		3F6511AF27FF59AD0086F205 /* Frameworks */ = {
			isa = PBXFrameworksBuildPhase;
			buildActionMask = 2147483647;
			files = (
			);
			runOnlyForDeploymentPostprocessing = 0;
		};
		3F6511B927FF59AD0086F205 /* Frameworks */ = {
			isa = PBXFrameworksBuildPhase;
			buildActionMask = 2147483647;
			files = (
			);
			runOnlyForDeploymentPostprocessing = 0;
		};
/* End PBXFrameworksBuildPhase section */

/* Begin PBXGroup section */
		3F65119927FF59A40086F205 = {
			isa = PBXGroup;
			children = (
				3F6511A427FF59A40086F205 /* calcubot */,
				3F6511B527FF59AD0086F205 /* calcubotTests */,
				3F6511BF27FF59AD0086F205 /* calcubotUITests */,
				3F6511A327FF59A40086F205 /* Products */,
			);
			sourceTree = "<group>";
		};
		3F6511A327FF59A40086F205 /* Products */ = {
			isa = PBXGroup;
			children = (
				3F6511A227FF59A40086F205 /* calcubot.app */,
				3F6511B227FF59AD0086F205 /* calcubotTests.xctest */,
				3F6511BC27FF59AD0086F205 /* calcubotUITests.xctest */,
			);
			name = Products;
			sourceTree = "<group>";
		};
		3F6511A427FF59A40086F205 /* calcubot */ = {
			isa = PBXGroup;
			children = (
				3F6511A527FF59A40086F205 /* calcubotApp.swift */,
				3F78F1662805EC9300B4AEBC /* ContentView.swift */,
				3F6511A727FF59A40086F205 /* Trial_1.swift */,
				3F6511CF2805DAF90086F205 /* GearRatioScreen.swift */,
				3F6511A927FF59AC0086F205 /* Assets.xcassets */,
				3F6511AB27FF59AC0086F205 /* Preview Content */,
			);
			path = calcubot;
			sourceTree = "<group>";
		};
		3F6511AB27FF59AC0086F205 /* Preview Content */ = {
			isa = PBXGroup;
			children = (
				3F6511AC27FF59AC0086F205 /* Preview Assets.xcassets */,
			);
			path = "Preview Content";
			sourceTree = "<group>";
		};
		3F6511B527FF59AD0086F205 /* calcubotTests */ = {
			isa = PBXGroup;
			children = (
				3F6511B627FF59AD0086F205 /* calcubotTests.swift */,
			);
			path = calcubotTests;
			sourceTree = "<group>";
		};
		3F6511BF27FF59AD0086F205 /* calcubotUITests */ = {
			isa = PBXGroup;
			children = (
				3F6511C027FF59AD0086F205 /* calcubotUITests.swift */,
				3F6511C227FF59AD0086F205 /* calcubotUITestsLaunchTests.swift */,
			);
			path = calcubotUITests;
			sourceTree = "<group>";
		};
/* End PBXGroup section */

/* Begin PBXNativeTarget section */
		3F6511A127FF59A40086F205 /* calcubot */ = {
			isa = PBXNativeTarget;
			buildConfigurationList = 3F6511C627FF59AD0086F205 /* Build configuration list for PBXNativeTarget "calcubot" */;
			buildPhases = (
				3F65119E27FF59A40086F205 /* Sources */,
				3F65119F27FF59A40086F205 /* Frameworks */,
				3F6511A027FF59A40086F205 /* Resources */,
			);
			buildRules = (
			);
			dependencies = (
			);
			name = calcubot;
			productName = calcubot;
			productReference = 3F6511A227FF59A40086F205 /* calcubot.app */;
			productType = "com.apple.product-type.application";
		};
		3F6511B127FF59AD0086F205 /* calcubotTests */ = {
			isa = PBXNativeTarget;
			buildConfigurationList = 3F6511C927FF59AD0086F205 /* Build configuration list for PBXNativeTarget "calcubotTests" */;
			buildPhases = (
				3F6511AE27FF59AD0086F205 /* Sources */,
				3F6511AF27FF59AD0086F205 /* Frameworks */,
				3F6511B027FF59AD0086F205 /* Resources */,
			);
			buildRules = (
			);
			dependencies = (
				3F6511B427FF59AD0086F205 /* PBXTargetDependency */,
			);
			name = calcubotTests;
			productName = calcubotTests;
			productReference = 3F6511B227FF59AD0086F205 /* calcubotTests.xctest */;
			productType = "com.apple.product-type.bundle.unit-test";
		};
		3F6511BB27FF59AD0086F205 /* calcubotUITests */ = {
			isa = PBXNativeTarget;
			buildConfigurationList = 3F6511CC27FF59AD0086F205 /* Build configuration list for PBXNativeTarget "calcubotUITests" */;
			buildPhases = (
				3F6511B827FF59AD0086F205 /* Sources */,
				3F6511B927FF59AD0086F205 /* Frameworks */,
				3F6511BA27FF59AD0086F205 /* Resources */,
			);
			buildRules = (
			);
			dependencies = (
				3F6511BE27FF59AD0086F205 /* PBXTargetDependency */,
			);
			name = calcubotUITests;
			productName = calcubotUITests;
			productReference = 3F6511BC27FF59AD0086F205 /* calcubotUITests.xctest */;
			productType = "com.apple.product-type.bundle.ui-testing";
		};
/* End PBXNativeTarget section */

/* Begin PBXProject section */
		3F65119A27FF59A40086F205 /* Project object */ = {
			isa = PBXProject;
			attributes = {
				BuildIndependentTargetsInParallel = 1;
				LastSwiftUpdateCheck = 1330;
				LastUpgradeCheck = 1330;
				TargetAttributes = {
					3F6511A127FF59A40086F205 = {
						CreatedOnToolsVersion = 13.3;
					};
					3F6511B127FF59AD0086F205 = {
						CreatedOnToolsVersion = 13.3;
						TestTargetID = 3F6511A127FF59A40086F205;
					};
					3F6511BB27FF59AD0086F205 = {
						CreatedOnToolsVersion = 13.3;
						TestTargetID = 3F6511A127FF59A40086F205;
					};
				};
			};
			buildConfigurationList = 3F65119D27FF59A40086F205 /* Build configuration list for PBXProject "calcubot" */;
			compatibilityVersion = "Xcode 13.0";
			developmentRegion = en;
			hasScannedForEncodings = 0;
			knownRegions = (
				en,
				Base,
			);
			mainGroup = 3F65119927FF59A40086F205;
			productRefGroup = 3F6511A327FF59A40086F205 /* Products */;
			projectDirPath = "";
			projectRoot = "";
			targets = (
				3F6511A127FF59A40086F205 /* calcubot */,
				3F6511B127FF59AD0086F205 /* calcubotTests */,
				3F6511BB27FF59AD0086F205 /* calcubotUITests */,
			);
		};
/* End PBXProject section */

/* Begin PBXResourcesBuildPhase section */
		3F6511A027FF59A40086F205 /* Resources */ = {
			isa = PBXResourcesBuildPhase;
			buildActionMask = 2147483647;
			files = (
				3F6511AD27FF59AC0086F205 /* Preview Assets.xcassets in Resources */,
				3F6511AA27FF59AC0086F205 /* Assets.xcassets in Resources */,
			);
			runOnlyForDeploymentPostprocessing = 0;
		};
		3F6511B027FF59AD0086F205 /* Resources */ = {
			isa = PBXResourcesBuildPhase;
			buildActionMask = 2147483647;
			files = (
			);
			runOnlyForDeploymentPostprocessing = 0;
		};
		3F6511BA27FF59AD0086F205 /* Resources */ = {
			isa = PBXResourcesBuildPhase;
			buildActionMask = 2147483647;
			files = (
			);
			runOnlyForDeploymentPostprocessing = 0;
		};
/* End PBXResourcesBuildPhase section */

/* Begin PBXSourcesBuildPhase section */
		3F65119E27FF59A40086F205 /* Sources */ = {
			isa = PBXSourcesBuildPhase;
			buildActionMask = 2147483647;
			files = (
				3F6511A827FF59A40086F205 /* Trial_1.swift in Sources */,
				3F6511D02805DAFA0086F205 /* GearRatioScreen.swift in Sources */,
				3F78F1672805EC9300B4AEBC /* ContentView.swift in Sources */,
				3F6511A627FF59A40086F205 /* calcubotApp.swift in Sources */,
			);
			runOnlyForDeploymentPostprocessing = 0;
		};
		3F6511AE27FF59AD0086F205 /* Sources */ = {
			isa = PBXSourcesBuildPhase;
			buildActionMask = 2147483647;
			files = (
				3F6511B727FF59AD0086F205 /* calcubotTests.swift in Sources */,
			);
			runOnlyForDeploymentPostprocessing = 0;
		};
		3F6511B827FF59AD0086F205 /* Sources */ = {
			isa = PBXSourcesBuildPhase;
			buildActionMask = 2147483647;
			files = (
				3F6511C327FF59AD0086F205 /* calcubotUITestsLaunchTests.swift in Sources */,
				3F6511C127FF59AD0086F205 /* calcubotUITests.swift in Sources */,
			);
			runOnlyForDeploymentPostprocessing = 0;
		};
/* End PBXSourcesBuildPhase section */

/* Begin PBXTargetDependency section */
		3F6511B427FF59AD0086F205 /* PBXTargetDependency */ = {
			isa = PBXTargetDependency;
			target = 3F6511A127FF59A40086F205 /* calcubot */;
			targetProxy = 3F6511B327FF59AD0086F205 /* PBXContainerItemProxy */;
		};
		3F6511BE27FF59AD0086F205 /* PBXTargetDependency */ = {
			isa = PBXTargetDependency;
			target = 3F6511A127FF59A40086F205 /* calcubot */;
			targetProxy = 3F6511BD27FF59AD0086F205 /* PBXContainerItemProxy */;
		};
/* End PBXTargetDependency section */

/* Begin XCBuildConfiguration section */
		3F6511C427FF59AD0086F205 /* Debug */ = {
			isa = XCBuildConfiguration;
			buildSettings = {
				ALWAYS_SEARCH_USER_PATHS = NO;
				CLANG_ANALYZER_NONNULL = YES;
				CLANG_ANALYZER_NUMBER_OBJECT_CONVERSION = YES_AGGRESSIVE;
				CLANG_CXX_LANGUAGE_STANDARD = "gnu++17";
				CLANG_ENABLE_MODULES = YES;
				CLANG_ENABLE_OBJC_ARC = YES;
				CLANG_ENABLE_OBJC_WEAK = YES;
				CLANG_WARN_BLOCK_CAPTURE_AUTORELEASING = YES;
				CLANG_WARN_BOOL_CONVERSION = YES;
				CLANG_WARN_COMMA = YES;
				CLANG_WARN_CONSTANT_CONVERSION = YES;
				CLANG_WARN_DEPRECATED_OBJC_IMPLEMENTATIONS = YES;
				CLANG_WARN_DIRECT_OBJC_ISA_USAGE = YES_ERROR;
				CLANG_WARN_DOCUMENTATION_COMMENTS = YES;
				CLANG_WARN_EMPTY_BODY = YES;
				CLANG_WARN_ENUM_CONVERSION = YES;
				CLANG_WARN_INFINITE_RECURSION = YES;
				CLANG_WARN_INT_CONVERSION = YES;
				CLANG_WARN_NON_LITERAL_NULL_CONVERSION = YES;
				CLANG_WARN_OBJC_IMPLICIT_RETAIN_SELF = YES;
				CLANG_WARN_OBJC_LITERAL_CONVERSION = YES;
				CLANG_WARN_OBJC_ROOT_CLASS = YES_ERROR;
				CLANG_WARN_QUOTED_INCLUDE_IN_FRAMEWORK_HEADER = YES;
				CLANG_WARN_RANGE_LOOP_ANALYSIS = YES;
				CLANG_WARN_STRICT_PROTOTYPES = YES;
				CLANG_WARN_SUSPICIOUS_MOVE = YES;
				CLANG_WARN_UNGUARDED_AVAILABILITY = YES_AGGRESSIVE;
				CLANG_WARN_UNREACHABLE_CODE = YES;
				CLANG_WARN__DUPLICATE_METHOD_MATCH = YES;
				COPY_PHASE_STRIP = NO;
				DEBUG_INFORMATION_FORMAT = dwarf;
				ENABLE_STRICT_OBJC_MSGSEND = YES;
				ENABLE_TESTABILITY = YES;
				GCC_C_LANGUAGE_STANDARD = gnu11;
				GCC_DYNAMIC_NO_PIC = NO;
				GCC_NO_COMMON_BLOCKS = YES;
				GCC_OPTIMIZATION_LEVEL = 0;
				GCC_PREPROCESSOR_DEFINITIONS = (
					"DEBUG=1",
					"$(inherited)",
				);
				GCC_WARN_64_TO_32_BIT_CONVERSION = YES;
				GCC_WARN_ABOUT_RETURN_TYPE = YES_ERROR;
				GCC_WARN_UNDECLARED_SELECTOR = YES;
				GCC_WARN_UNINITIALIZED_AUTOS = YES_AGGRESSIVE;
				GCC_WARN_UNUSED_FUNCTION = YES;
				GCC_WARN_UNUSED_VARIABLE = YES;
				IPHONEOS_DEPLOYMENT_TARGET = 15.4;
				MTL_ENABLE_DEBUG_INFO = INCLUDE_SOURCE;
				MTL_FAST_MATH = YES;
				ONLY_ACTIVE_ARCH = YES;
				SDKROOT = iphoneos;
				SWIFT_ACTIVE_COMPILATION_CONDITIONS = DEBUG;
				SWIFT_OPTIMIZATION_LEVEL = "-Onone";
			};
			name = Debug;
		};
		3F6511C527FF59AD0086F205 /* Release */ = {
			isa = XCBuildConfiguration;
			buildSettings = {
				ALWAYS_SEARCH_USER_PATHS = NO;
				CLANG_ANALYZER_NONNULL = YES;
				CLANG_ANALYZER_NUMBER_OBJECT_CONVERSION = YES_AGGRESSIVE;
				CLANG_CXX_LANGUAGE_STANDARD = "gnu++17";
				CLANG_ENABLE_MODULES = YES;
				CLANG_ENABLE_OBJC_ARC = YES;
				CLANG_ENABLE_OBJC_WEAK = YES;
				CLANG_WARN_BLOCK_CAPTURE_AUTORELEASING = YES;
				CLANG_WARN_BOOL_CONVERSION = YES;
				CLANG_WARN_COMMA = YES;
				CLANG_WARN_CONSTANT_CONVERSION = YES;
				CLANG_WARN_DEPRECATED_OBJC_IMPLEMENTATIONS = YES;
				CLANG_WARN_DIRECT_OBJC_ISA_USAGE = YES_ERROR;
				CLANG_WARN_DOCUMENTATION_COMMENTS = YES;
				CLANG_WARN_EMPTY_BODY = YES;
				CLANG_WARN_ENUM_CONVERSION = YES;
				CLANG_WARN_INFINITE_RECURSION = YES;
				CLANG_WARN_INT_CONVERSION = YES;
				CLANG_WARN_NON_LITERAL_NULL_CONVERSION = YES;
				CLANG_WARN_OBJC_IMPLICIT_RETAIN_SELF = YES;
				CLANG_WARN_OBJC_LITERAL_CONVERSION = YES;
				CLANG_WARN_OBJC_ROOT_CLASS = YES_ERROR;
				CLANG_WARN_QUOTED_INCLUDE_IN_FRAMEWORK_HEADER = YES;
				CLANG_WARN_RANGE_LOOP_ANALYSIS = YES;
				CLANG_WARN_STRICT_PROTOTYPES = YES;
				CLANG_WARN_SUSPICIOUS_MOVE = YES;
				CLANG_WARN_UNGUARDED_AVAILABILITY = YES_AGGRESSIVE;
				CLANG_WARN_UNREACHABLE_CODE = YES;
				CLANG_WARN__DUPLICATE_METHOD_MATCH = YES;
				COPY_PHASE_STRIP = NO;
				DEBUG_INFORMATION_FORMAT = "dwarf-with-dsym";
				ENABLE_NS_ASSERTIONS = NO;
				ENABLE_STRICT_OBJC_MSGSEND = YES;
				GCC_C_LANGUAGE_STANDARD = gnu11;
				GCC_NO_COMMON_BLOCKS = YES;
				GCC_WARN_64_TO_32_BIT_CONVERSION = YES;
				GCC_WARN_ABOUT_RETURN_TYPE = YES_ERROR;
				GCC_WARN_UNDECLARED_SELECTOR = YES;
				GCC_WARN_UNINITIALIZED_AUTOS = YES_AGGRESSIVE;
				GCC_WARN_UNUSED_FUNCTION = YES;
				GCC_WARN_UNUSED_VARIABLE = YES;
				IPHONEOS_DEPLOYMENT_TARGET = 15.4;
				MTL_ENABLE_DEBUG_INFO = NO;
				MTL_FAST_MATH = YES;
				SDKROOT = iphoneos;
				SWIFT_COMPILATION_MODE = wholemodule;
				SWIFT_OPTIMIZATION_LEVEL = "-O";
				VALIDATE_PRODUCT = YES;
			};
			name = Release;
		};
		3F6511C727FF59AD0086F205 /* Debug */ = {
			isa = XCBuildConfiguration;
			buildSettings = {
				ASSETCATALOG_COMPILER_APPICON_NAME = AppIcon;
				ASSETCATALOG_COMPILER_GLOBAL_ACCENT_COLOR_NAME = AccentColor;
				CODE_SIGN_STYLE = Automatic;
				CURRENT_PROJECT_VERSION = 1;
				DEVELOPMENT_ASSET_PATHS = "\"calcubot/Preview Content\"";
				ENABLE_PREVIEWS = YES;
				GENERATE_INFOPLIST_FILE = YES;
				INFOPLIST_KEY_UIApplicationSceneManifest_Generation = YES;
				INFOPLIST_KEY_UIApplicationSupportsIndirectInputEvents = YES;
				INFOPLIST_KEY_UILaunchScreen_Generation = YES;
				INFOPLIST_KEY_UISupportedInterfaceOrientations_iPad = "UIInterfaceOrientationPortrait UIInterfaceOrientationPortraitUpsideDown UIInterfaceOrientationLandscapeLeft UIInterfaceOrientationLandscapeRight";
				INFOPLIST_KEY_UISupportedInterfaceOrientations_iPhone = "UIInterfaceOrientationPortrait UIInterfaceOrientationLandscapeLeft UIInterfaceOrientationLandscapeRight";
				LD_RUNPATH_SEARCH_PATHS = (
					"$(inherited)",
					"@executable_path/Frameworks",
				);
				MARKETING_VERSION = 1.0;
				PRODUCT_BUNDLE_IDENTIFIER = aidon.calcubot;
				PRODUCT_NAME = "$(TARGET_NAME)";
				SWIFT_EMIT_LOC_STRINGS = YES;
				SWIFT_VERSION = 5.0;
				TARGETED_DEVICE_FAMILY = "1,2";
			};
			name = Debug;
		};
		3F6511C827FF59AD0086F205 /* Release */ = {
			isa = XCBuildConfiguration;
			buildSettings = {
				ASSETCATALOG_COMPILER_APPICON_NAME = AppIcon;
				ASSETCATALOG_COMPILER_GLOBAL_ACCENT_COLOR_NAME = AccentColor;
				CODE_SIGN_STYLE = Automatic;
				CURRENT_PROJECT_VERSION = 1;
				DEVELOPMENT_ASSET_PATHS = "\"calcubot/Preview Content\"";
				ENABLE_PREVIEWS = YES;
				GENERATE_INFOPLIST_FILE = YES;
				INFOPLIST_KEY_UIApplicationSceneManifest_Generation = YES;
				INFOPLIST_KEY_UIApplicationSupportsIndirectInputEvents = YES;
				INFOPLIST_KEY_UILaunchScreen_Generation = YES;
				INFOPLIST_KEY_UISupportedInterfaceOrientations_iPad = "UIInterfaceOrientationPortrait UIInterfaceOrientationPortraitUpsideDown UIInterfaceOrientationLandscapeLeft UIInterfaceOrientationLandscapeRight";
				INFOPLIST_KEY_UISupportedInterfaceOrientations_iPhone = "UIInterfaceOrientationPortrait UIInterfaceOrientationLandscapeLeft UIInterfaceOrientationLandscapeRight";
				LD_RUNPATH_SEARCH_PATHS = (
					"$(inherited)",
					"@executable_path/Frameworks",
				);
				MARKETING_VERSION = 1.0;
				PRODUCT_BUNDLE_IDENTIFIER = aidon.calcubot;
				PRODUCT_NAME = "$(TARGET_NAME)";
				SWIFT_EMIT_LOC_STRINGS = YES;
				SWIFT_VERSION = 5.0;
				TARGETED_DEVICE_FAMILY = "1,2";
			};
			name = Release;
		};
		3F6511CA27FF59AD0086F205 /* Debug */ = {
			isa = XCBuildConfiguration;
			buildSettings = {
				ALWAYS_EMBED_SWIFT_STANDARD_LIBRARIES = YES;
				BUNDLE_LOADER = "$(TEST_HOST)";
				CODE_SIGN_STYLE = Automatic;
				CURRENT_PROJECT_VERSION = 1;
				GENERATE_INFOPLIST_FILE = YES;
				IPHONEOS_DEPLOYMENT_TARGET = 15.4;
				MARKETING_VERSION = 1.0;
				PRODUCT_BUNDLE_IDENTIFIER = aidon.calcubotTests;
				PRODUCT_NAME = "$(TARGET_NAME)";
				SWIFT_EMIT_LOC_STRINGS = NO;
				SWIFT_VERSION = 5.0;
				TARGETED_DEVICE_FAMILY = "1,2";
				TEST_HOST = "$(BUILT_PRODUCTS_DIR)/calcubot.app/calcubot";
			};
			name = Debug;
		};
		3F6511CB27FF59AD0086F205 /* Release */ = {
			isa = XCBuildConfiguration;
			buildSettings = {
				ALWAYS_EMBED_SWIFT_STANDARD_LIBRARIES = YES;
				BUNDLE_LOADER = "$(TEST_HOST)";
				CODE_SIGN_STYLE = Automatic;
				CURRENT_PROJECT_VERSION = 1;
				GENERATE_INFOPLIST_FILE = YES;
				IPHONEOS_DEPLOYMENT_TARGET = 15.4;
				MARKETING_VERSION = 1.0;
				PRODUCT_BUNDLE_IDENTIFIER = aidon.calcubotTests;
				PRODUCT_NAME = "$(TARGET_NAME)";
				SWIFT_EMIT_LOC_STRINGS = NO;
				SWIFT_VERSION = 5.0;
				TARGETED_DEVICE_FAMILY = "1,2";
				TEST_HOST = "$(BUILT_PRODUCTS_DIR)/calcubot.app/calcubot";
			};
			name = Release;
		};
		3F6511CD27FF59AD0086F205 /* Debug */ = {
			isa = XCBuildConfiguration;
			buildSettings = {
				ALWAYS_EMBED_SWIFT_STANDARD_LIBRARIES = YES;
				CODE_SIGN_STYLE = Automatic;
				CURRENT_PROJECT_VERSION = 1;
				GENERATE_INFOPLIST_FILE = YES;
				MARKETING_VERSION = 1.0;
				PRODUCT_BUNDLE_IDENTIFIER = aidon.calcubotUITests;
				PRODUCT_NAME = "$(TARGET_NAME)";
				SWIFT_EMIT_LOC_STRINGS = NO;
				SWIFT_VERSION = 5.0;
				TARGETED_DEVICE_FAMILY = "1,2";
				TEST_TARGET_NAME = calcubot;
			};
			name = Debug;
		};
		3F6511CE27FF59AD0086F205 /* Release */ = {
			isa = XCBuildConfiguration;
			buildSettings = {
				ALWAYS_EMBED_SWIFT_STANDARD_LIBRARIES = YES;
				CODE_SIGN_STYLE = Automatic;
				CURRENT_PROJECT_VERSION = 1;
				GENERATE_INFOPLIST_FILE = YES;
				MARKETING_VERSION = 1.0;
				PRODUCT_BUNDLE_IDENTIFIER = aidon.calcubotUITests;
				PRODUCT_NAME = "$(TARGET_NAME)";
				SWIFT_EMIT_LOC_STRINGS = NO;
				SWIFT_VERSION = 5.0;
				TARGETED_DEVICE_FAMILY = "1,2";
				TEST_TARGET_NAME = calcubot;
			};
			name = Release;
		};
/* End XCBuildConfiguration section */

/* Begin XCConfigurationList section */
		3F65119D27FF59A40086F205 /* Build configuration list for PBXProject "calcubot" */ = {
			isa = XCConfigurationList;
			buildConfigurations = (
				3F6511C427FF59AD0086F205 /* Debug */,
				3F6511C527FF59AD0086F205 /* Release */,
			);
			defaultConfigurationIsVisible = 0;
			defaultConfigurationName = Release;
		};
		3F6511C627FF59AD0086F205 /* Build configuration list for PBXNativeTarget "calcubot" */ = {
			isa = XCConfigurationList;
			buildConfigurations = (
				3F6511C727FF59AD0086F205 /* Debug */,
				3F6511C827FF59AD0086F205 /* Release */,
			);
			defaultConfigurationIsVisible = 0;
			defaultConfigurationName = Release;
		};
		3F6511C927FF59AD0086F205 /* Build configuration list for PBXNativeTarget "calcubotTests" */ = {
			isa = XCConfigurationList;
			buildConfigurations = (
				3F6511CA27FF59AD0086F205 /* Debug */,
				3F6511CB27FF59AD0086F205 /* Release */,
			);
			defaultConfigurationIsVisible = 0;
			defaultConfigurationName = Release;
		};
		3F6511CC27FF59AD0086F205 /* Build configuration list for PBXNativeTarget "calcubotUITests" */ = {
			isa = XCConfigurationList;
			buildConfigurations = (
				3F6511CD27FF59AD0086F205 /* Debug */,
				3F6511CE27FF59AD0086F205 /* Release */,
			);
			defaultConfigurationIsVisible = 0;
			defaultConfigurationName = Release;
		};
/* End XCConfigurationList section */
	};
	rootObject = 3F65119A27FF59A40086F205 /* Project object */;
}
